
Microsoft Visual Studio Solution File, Format Version 12.00
# Visual Studio 15
VisualStudioVersion = 15.0.28010.2046
MinimumVisualStudioVersion = 10.0.40219.1
Project("{FAE04EC0-301F-11D3-BF4B-00C04F79EFBC}") = "LoanBroker", "LoanBroker\LoanBroker.csproj", "{61A2A741-E101-4DD6-9835-5251DE5D2A88}"
EndProject
Project("{FAE04EC0-301F-11D3-BF4B-00C04F79EFBC}") = "Aggregator", "Aggregator\Aggregator.csproj", "{0397AE03-6398-44A6-9F72-EFA70F7D2D51}"
EndProject
Project("{FAE04EC0-301F-11D3-BF4B-00C04F79EFBC}") = "Banks", "Banks\Banks.csproj", "{E8767B6B-0969-4B42-AE75-FE0E68DACB64}"
	ProjectSection(ProjectDependencies) = postProject
		{CFDF12F8-2BF0-4065-A054-17E9362E46EF} = {CFDF12F8-2BF0-4065-A054-17E9362E46EF}
	EndProjectSection
EndProject
Project("{FAE04EC0-301F-11D3-BF4B-00C04F79EFBC}") = "CreditScore", "CreditScore\CreditScore.csproj", "{82B63E4A-E37C-457E-80E6-764B9004B8EC}"
EndProject
Project("{FAE04EC0-301F-11D3-BF4B-00C04F79EFBC}") = "Normalizer", "Normalizer\Normalizer.csproj", "{2D02C2B4-6E69-4F49-BF9E-E2FDB638760C}"
EndProject
Project("{FAE04EC0-301F-11D3-BF4B-00C04F79EFBC}") = "RecipientList", "RecepientList\RecipientList.csproj", "{F65F9E1A-3599-4646-8C8D-87C50A896224}"
EndProject
Project("{FAE04EC0-301F-11D3-BF4B-00C04F79EFBC}") = "RabbitMqCommunicator", "RabbitMqCommunicator\RabbitMqCommunicator.csproj", "{DDE576E6-0EE5-4D6D-B1D7-7FD1DFDD5A82}"
EndProject
Project("{FAE04EC0-301F-11D3-BF4B-00C04F79EFBC}") = "RestBank", "RestBank\RestBank.csproj", "{F7F67FBD-A3C7-4C98-9FE0-F421FA1F8211}"
EndProject
Project("{FAE04EC0-301F-11D3-BF4B-00C04F79EFBC}") = "RuleBase", "RuleBase\RuleBase.csproj", "{CFDF12F8-2BF0-4065-A054-17E9362E46EF}"
EndProject
Project("{FAE04EC0-301F-11D3-BF4B-00C04F79EFBC}") = "RabbitMqBank", "RabbitMqBank\RabbitMqBank.csproj", "{28D8B809-4A3D-46C5-81EE-94923BF2287E}"
EndProject
Global
	GlobalSection(SolutionConfigurationPlatforms) = preSolution
		Debug|Any CPU = Debug|Any CPU
		Release|Any CPU = Release|Any CPU
	EndGlobalSection
	GlobalSection(ProjectConfigurationPlatforms) = postSolution
		{61A2A741-E101-4DD6-9835-5251DE5D2A88}.Debug|Any CPU.ActiveCfg = Debug|Any CPU
		{61A2A741-E101-4DD6-9835-5251DE5D2A88}.Debug|Any CPU.Build.0 = Debug|Any CPU
		{61A2A741-E101-4DD6-9835-5251DE5D2A88}.Release|Any CPU.ActiveCfg = Release|Any CPU
		{61A2A741-E101-4DD6-9835-5251DE5D2A88}.Release|Any CPU.Build.0 = Release|Any CPU
		{0397AE03-6398-44A6-9F72-EFA70F7D2D51}.Debug|Any CPU.ActiveCfg = Debug|Any CPU
		{0397AE03-6398-44A6-9F72-EFA70F7D2D51}.Debug|Any CPU.Build.0 = Debug|Any CPU
		{0397AE03-6398-44A6-9F72-EFA70F7D2D51}.Release|Any CPU.ActiveCfg = Release|Any CPU
		{0397AE03-6398-44A6-9F72-EFA70F7D2D51}.Release|Any CPU.Build.0 = Release|Any CPU
		{E8767B6B-0969-4B42-AE75-FE0E68DACB64}.Debug|Any CPU.ActiveCfg = Debug|Any CPU
		{E8767B6B-0969-4B42-AE75-FE0E68DACB64}.Debug|Any CPU.Build.0 = Debug|Any CPU
		{E8767B6B-0969-4B42-AE75-FE0E68DACB64}.Release|Any CPU.ActiveCfg = Release|Any CPU
		{E8767B6B-0969-4B42-AE75-FE0E68DACB64}.Release|Any CPU.Build.0 = Release|Any CPU
		{82B63E4A-E37C-457E-80E6-764B9004B8EC}.Debug|Any CPU.ActiveCfg = Debug|Any CPU
		{82B63E4A-E37C-457E-80E6-764B9004B8EC}.Debug|Any CPU.Build.0 = Debug|Any CPU
		{82B63E4A-E37C-457E-80E6-764B9004B8EC}.Release|Any CPU.ActiveCfg = Release|Any CPU
		{82B63E4A-E37C-457E-80E6-764B9004B8EC}.Release|Any CPU.Build.0 = Release|Any CPU
		{2D02C2B4-6E69-4F49-BF9E-E2FDB638760C}.Debug|Any CPU.ActiveCfg = Debug|Any CPU
		{2D02C2B4-6E69-4F49-BF9E-E2FDB638760C}.Debug|Any CPU.Build.0 = Debug|Any CPU
		{2D02C2B4-6E69-4F49-BF9E-E2FDB638760C}.Release|Any CPU.ActiveCfg = Release|Any CPU
		{2D02C2B4-6E69-4F49-BF9E-E2FDB638760C}.Release|Any CPU.Build.0 = Release|Any CPU
		{F65F9E1A-3599-4646-8C8D-87C50A896224}.Debug|Any CPU.ActiveCfg = Debug|Any CPU
		{F65F9E1A-3599-4646-8C8D-87C50A896224}.Debug|Any CPU.Build.0 = Debug|Any CPU
		{F65F9E1A-3599-4646-8C8D-87C50A896224}.Release|Any CPU.ActiveCfg = Release|Any CPU
		{F65F9E1A-3599-4646-8C8D-87C50A896224}.Release|Any CPU.Build.0 = Release|Any CPU
		{DDE576E6-0EE5-4D6D-B1D7-7FD1DFDD5A82}.Debug|Any CPU.ActiveCfg = Debug|Any CPU
		{DDE576E6-0EE5-4D6D-B1D7-7FD1DFDD5A82}.Debug|Any CPU.Build.0 = Debug|Any CPU
		{DDE576E6-0EE5-4D6D-B1D7-7FD1DFDD5A82}.Release|Any CPU.ActiveCfg = Release|Any CPU
		{DDE576E6-0EE5-4D6D-B1D7-7FD1DFDD5A82}.Release|Any CPU.Build.0 = Release|Any CPU
		{F7F67FBD-A3C7-4C98-9FE0-F421FA1F8211}.Debug|Any CPU.ActiveCfg = Debug|Any CPU
		{F7F67FBD-A3C7-4C98-9FE0-F421FA1F8211}.Debug|Any CPU.Build.0 = Debug|Any CPU
		{F7F67FBD-A3C7-4C98-9FE0-F421FA1F8211}.Release|Any CPU.ActiveCfg = Release|Any CPU
		{F7F67FBD-A3C7-4C98-9FE0-F421FA1F8211}.Release|Any CPU.Build.0 = Release|Any CPU
		{CFDF12F8-2BF0-4065-A054-17E9362E46EF}.Debug|Any CPU.ActiveCfg = Debug|Any CPU
		{CFDF12F8-2BF0-4065-A054-17E9362E46EF}.Debug|Any CPU.Build.0 = Debug|Any CPU
		{CFDF12F8-2BF0-4065-A054-17E9362E46EF}.Release|Any CPU.ActiveCfg = Release|Any CPU
		{CFDF12F8-2BF0-4065-A054-17E9362E46EF}.Release|Any CPU.Build.0 = Release|Any CPU
		{28D8B809-4A3D-46C5-81EE-94923BF2287E}.Debug|Any CPU.ActiveCfg = Debug|Any CPU
		{28D8B809-4A3D-46C5-81EE-94923BF2287E}.Debug|Any CPU.Build.0 = Debug|Any CPU
		{28D8B809-4A3D-46C5-81EE-94923BF2287E}.Release|Any CPU.ActiveCfg = Release|Any CPU
		{28D8B809-4A3D-46C5-81EE-94923BF2287E}.Release|Any CPU.Build.0 = Release|Any CPU
	EndGlobalSection
	GlobalSection(SolutionProperties) = preSolution
		HideSolutionNode = FALSE
	EndGlobalSection
	GlobalSection(ExtensibilityGlobals) = postSolution
		SolutionGuid = {90290CC2-CE73-4065-AEF2-EF5FBA86C7F7}
	EndGlobalSection
EndGlobal
